
Microsoft Visual Studio Solution File, Format Version 12.00
# Visual Studio Version 17
VisualStudioVersion = 17.4.33205.214
MinimumVisualStudioVersion = 10.0.40219.1
Project("{9A19103F-16F7-4668-BE54-9A1E7A4F7556}") = "Poly'valent", "Poly'valent\Poly'valent.csproj", "{392CC2EE-092F-4793-8C5C-E175C91961A8}"
EndProject
Global
	GlobalSection(SolutionConfigurationPlatforms) = preSolution
		Debug|Any CPU = Debug|Any CPU
		Release|Any CPU = Release|Any CPU
	EndGlobalSection
	GlobalSection(ProjectConfigurationPlatforms) = postSolution
		{392CC2EE-092F-4793-8C5C-E175C91961A8}.Debug|Any CPU.ActiveCfg = Debug|Any CPU
		{392CC2EE-092F-4793-8C5C-E175C91961A8}.Debug|Any CPU.Build.0 = Debug|Any CPU
		{392CC2EE-092F-4793-8C5C-E175C91961A8}.Release|Any CPU.ActiveCfg = Release|Any CPU
		{392CC2EE-092F-4793-8C5C-E175C91961A8}.Release|Any CPU.Build.0 = Release|Any CPU
	EndGlobalSection
	GlobalSection(SolutionProperties) = preSolution
		HideSolutionNode = FALSE
	EndGlobalSection
	GlobalSection(ExtensibilityGlobals) = postSolution
		SolutionGuid = {7251375A-33E6-4426-81F5-E882F420E97F}
	EndGlobalSection
EndGlobal
